<?xml version="1.0" encoding="utf-8"?>
<Project ToolsVersion="4.0" xmlns="http://schemas.microsoft.com/developer/msbuild/2003">
  <ItemGroup>
    <Filter Include="Source Files">
      <UniqueIdentifier>{4FC737F1-C7A5-4376-A066-2A32D752A2FF}</UniqueIdentifier>
      <Extensions>cpp;c;cc;cxx;def;odl;idl;hpj;bat;asm;asmx</Extensions>
    </Filter>
    <Filter Include="Header Files">
      <UniqueIdentifier>{93995380-89BD-4b04-88EB-625FBE52EBFB}</UniqueIdentifier>
      <Extensions>h;hh;hpp;hxx;hm;inl;inc;xsd</Extensions>
    </Filter>
    <Filter Include="Controller">
      <UniqueIdentifier>{5eae80a1-b51e-457d-b35e-efff87197363}</UniqueIdentifier>
    </Filter>
  </ItemGroup>
  <ItemGroup>
    <ClInclude Include="vm_launcher.h">
      <Filter>Header Files</Filter>
    </ClInclude>
    <ClInclude Include="vm_runtime_global.h">
      <Filter>Header Files</Filter>
    </ClInclude>
    <ClInclude Include="vm_modulemanager.h">
      <Filter>Header Files</Filter>
    </ClInclude>
    <ClInclude Include="vm_contextmanager.h">
      <Filter>Header Files</Filter>
    </ClInclude>
    <ClInclude Include="vm_expressionmanager.h">
      <Filter>Header Files</Filter>
    </ClInclude>
    <ClInclude Include="vm_controller.h">
      <Filter>Controller</Filter>
    </ClInclude>
    <ClInclude Include="vm_processor.h">
      <Filter>Controller</Filter>
    </ClInclude>
    <ClInclude Include="vm_processorevent.h">
      <Filter>Controller</Filter>
    </ClInclude>
    <ClInclude Include="vm_eventmanager.h">
      <Filter>Controller</Filter>
    </ClInclude>
  </ItemGroup>
  <ItemGroup>
    <ClCompile Include="vm_launcher.cpp">
      <Filter>Source Files</Filter>
    </ClCompile>
    <ClCompile Include="vm_runtime_global.cpp">
      <Filter>Source Files</Filter>
    </ClCompile>
    <ClCompile Include="vm_modulemanager.cpp">
      <Filter>Source Files</Filter>
    </ClCompile>
    <ClCompile Include="vm_contextmanager.cpp">
      <Filter>Source Files</Filter>
    </ClCompile>
    <ClCompile Include="vm_controller.cpp">
      <Filter>Controller</Filter>
    </ClCompile>
    <ClCompile Include="vm_processor.cpp">
      <Filter>Controller</Filter>
    </ClCompile>
    <ClCompile Include="vm_processorevent.cpp">
      <Filter>Controller</Filter>
    </ClCompile>
  </ItemGroup>
</Project>