
Microsoft Visual Studio Solution File, Format Version 12.00
# Visual Studio 2013
VisualStudioVersion = 12.0.40629.0
MinimumVisualStudioVersion = 10.0.40219.1
Project("{8BC9CEB8-8B4A-11D0-8D11-00A0C91BC942}") = "sis_runtime", "..\..\src\SiS-Machine\sis_runtime\sis_runtime.vcxproj", "{096FF38E-1E1D-4825-BD23-9C023FEBFEF8}"
EndProject
Project("{8BC9CEB8-8B4A-11D0-8D11-00A0C91BC942}") = "sis_machine", "..\..\src\SiS-Machine\sis_machine\sis_machine.vcxproj", "{5B6139FC-A527-4706-BFE0-D1D62BB83913}"
EndProject
Global
	GlobalSection(SolutionConfigurationPlatforms) = preSolution
		Debug|Win32 = Debug|Win32
		Release|Win32 = Release|Win32
	EndGlobalSection
	GlobalSection(ProjectConfigurationPlatforms) = postSolution
		{096FF38E-1E1D-4825-BD23-9C023FEBFEF8}.Debug|Win32.ActiveCfg = Debug|Win32
		{096FF38E-1E1D-4825-BD23-9C023FEBFEF8}.Debug|Win32.Build.0 = Debug|Win32
		{096FF38E-1E1D-4825-BD23-9C023FEBFEF8}.Release|Win32.ActiveCfg = Release|Win32
		{096FF38E-1E1D-4825-BD23-9C023FEBFEF8}.Release|Win32.Build.0 = Release|Win32
		{5B6139FC-A527-4706-BFE0-D1D62BB83913}.Debug|Win32.ActiveCfg = Debug|Win32
		{5B6139FC-A527-4706-BFE0-D1D62BB83913}.Debug|Win32.Build.0 = Debug|Win32
		{5B6139FC-A527-4706-BFE0-D1D62BB83913}.Release|Win32.ActiveCfg = Release|Win32
		{5B6139FC-A527-4706-BFE0-D1D62BB83913}.Release|Win32.Build.0 = Release|Win32
	EndGlobalSection
	GlobalSection(SolutionProperties) = preSolution
		HideSolutionNode = FALSE
	EndGlobalSection
EndGlobal
